
Microsoft Visual Studio Solution File, Format Version 12.00
# Visual Studio 15
VisualStudioVersion = 15.0.27130.2036
MinimumVisualStudioVersion = 10.0.40219.1
Project("{FAE04EC0-301F-11D3-BF4B-00C04F79EFBC}") = "VisionApiTest", "VisionApiTest\VisionApiTest.csproj", "{99851EAB-D82E-42DA-A8A2-355B946C1636}"
EndProject
Project("{FAE04EC0-301F-11D3-BF4B-00C04F79EFBC}") = "BMVisionApiClient", "BMVisionApiClient\BMVisionApiClient.csproj", "{4AD6A8EF-FBE8-495D-8CC7-C47D5A44BCA7}"
EndProject
Project("{FAE04EC0-301F-11D3-BF4B-00C04F79EFBC}") = "AnalyzeImage", "AnalyzeImage\AnalyzeImage.csproj", "{7C473C55-7EAE-471F-9FD8-B2A69D097A1A}"
EndProject
Global
	GlobalSection(SolutionConfigurationPlatforms) = preSolution
		Debug|Any CPU = Debug|Any CPU
		Release|Any CPU = Release|Any CPU
	EndGlobalSection
	GlobalSection(ProjectConfigurationPlatforms) = postSolution
		{99851EAB-D82E-42DA-A8A2-355B946C1636}.Debug|Any CPU.ActiveCfg = Debug|Any CPU
		{99851EAB-D82E-42DA-A8A2-355B946C1636}.Debug|Any CPU.Build.0 = Debug|Any CPU
		{99851EAB-D82E-42DA-A8A2-355B946C1636}.Release|Any CPU.ActiveCfg = Release|Any CPU
		{99851EAB-D82E-42DA-A8A2-355B946C1636}.Release|Any CPU.Build.0 = Release|Any CPU
		{4AD6A8EF-FBE8-495D-8CC7-C47D5A44BCA7}.Debug|Any CPU.ActiveCfg = Debug|Any CPU
		{4AD6A8EF-FBE8-495D-8CC7-C47D5A44BCA7}.Debug|Any CPU.Build.0 = Debug|Any CPU
		{4AD6A8EF-FBE8-495D-8CC7-C47D5A44BCA7}.Release|Any CPU.ActiveCfg = Release|Any CPU
		{4AD6A8EF-FBE8-495D-8CC7-C47D5A44BCA7}.Release|Any CPU.Build.0 = Release|Any CPU
		{7C473C55-7EAE-471F-9FD8-B2A69D097A1A}.Debug|Any CPU.ActiveCfg = Debug|Any CPU
		{7C473C55-7EAE-471F-9FD8-B2A69D097A1A}.Debug|Any CPU.Build.0 = Debug|Any CPU
		{7C473C55-7EAE-471F-9FD8-B2A69D097A1A}.Release|Any CPU.ActiveCfg = Release|Any CPU
		{7C473C55-7EAE-471F-9FD8-B2A69D097A1A}.Release|Any CPU.Build.0 = Release|Any CPU
	EndGlobalSection
	GlobalSection(SolutionProperties) = preSolution
		HideSolutionNode = FALSE
	EndGlobalSection
	GlobalSection(ExtensibilityGlobals) = postSolution
		SolutionGuid = {2D607C08-2250-4C69-86D8-D732FAF05A81}
	EndGlobalSection
EndGlobal
